
Microsoft Visual Studio Solution File, Format Version 12.00
# Visual Studio Version 16
VisualStudioVersion = 16.0.28803.202
MinimumVisualStudioVersion = 10.0.40219.1
Project("{9A19103F-16F7-4668-BE54-9A1E7A4F7556}") = "TCPClient", "TCPClient\TCPClient.csproj", "{D2662F7E-DBBC-4232-ACBE-224AE371541C}"
EndProject
Project("{9A19103F-16F7-4668-BE54-9A1E7A4F7556}") = "TCPServer", "TCPServer\TCPServer.csproj", "{F3D99E9C-A1C3-4CEE-8B8C-2150ED618F24}"
EndProject
Global
	GlobalSection(SolutionConfigurationPlatforms) = preSolution
		Debug|Any CPU = Debug|Any CPU
		Release|Any CPU = Release|Any CPU
	EndGlobalSection
	GlobalSection(ProjectConfigurationPlatforms) = postSolution
		{D2662F7E-DBBC-4232-ACBE-224AE371541C}.Debug|Any CPU.ActiveCfg = Debug|Any CPU
		{D2662F7E-DBBC-4232-ACBE-224AE371541C}.Debug|Any CPU.Build.0 = Debug|Any CPU
		{D2662F7E-DBBC-4232-ACBE-224AE371541C}.Release|Any CPU.ActiveCfg = Release|Any CPU
		{D2662F7E-DBBC-4232-ACBE-224AE371541C}.Release|Any CPU.Build.0 = Release|Any CPU
		{F3D99E9C-A1C3-4CEE-8B8C-2150ED618F24}.Debug|Any CPU.ActiveCfg = Debug|Any CPU
		{F3D99E9C-A1C3-4CEE-8B8C-2150ED618F24}.Debug|Any CPU.Build.0 = Debug|Any CPU
		{F3D99E9C-A1C3-4CEE-8B8C-2150ED618F24}.Release|Any CPU.ActiveCfg = Release|Any CPU
		{F3D99E9C-A1C3-4CEE-8B8C-2150ED618F24}.Release|Any CPU.Build.0 = Release|Any CPU
	EndGlobalSection
	GlobalSection(SolutionProperties) = preSolution
		HideSolutionNode = FALSE
	EndGlobalSection
	GlobalSection(ExtensibilityGlobals) = postSolution
		SolutionGuid = {3A5EF8B8-5726-433C-9148-A0B0784DAF1C}
	EndGlobalSection
EndGlobal
